// !$*UTF8*$!
{
	archiveVersion = 1;
	classes = {
	};
	objectVersion = 48;
	objects = {

/* Begin PBXBuildFile section */
		474BCD1D2117A8F6004EC691 /* OpenCVWrapper.mm in Sources */ = {isa = PBXBuildFile; fileRef = 474BCD1C2117A8F6004EC691 /* OpenCVWrapper.mm */; };
		474BCD202117B74A004EC691 /* UIPercentageBar.swift in Sources */ = {isa = PBXBuildFile; fileRef = 474BCD1F2117B74A004EC691 /* UIPercentageBar.swift */; };
		4792B9FB2117E9B000070434 /* targetScoring.mlmodel in Sources */ = {isa = PBXBuildFile; fileRef = 4792B9FA2117E9B000070434 /* targetScoring.mlmodel */; };
		4793411E21168C8200E97DC1 /* CSVParser.swift in Sources */ = {isa = PBXBuildFile; fileRef = 4793411D21168C8200E97DC1 /* CSVParser.swift */; };
		47AB0C5E2117A63F00392D3E /* opencv2.framework in Frameworks */ = {isa = PBXBuildFile; fileRef = 47AB0C5D2117A63F00392D3E /* opencv2.framework */; };
		47CC375020715B660038D602 /* AppDelegate.swift in Sources */ = {isa = PBXBuildFile; fileRef = 47CC374F20715B660038D602 /* AppDelegate.swift */; };
		47CC375220715B660038D602 /* ViewController.swift in Sources */ = {isa = PBXBuildFile; fileRef = 47CC375120715B660038D602 /* ViewController.swift */; };
		47CC375520715B660038D602 /* Main.storyboard in Resources */ = {isa = PBXBuildFile; fileRef = 47CC375320715B660038D602 /* Main.storyboard */; };
		47CC375720715B660038D602 /* Assets.xcassets in Resources */ = {isa = PBXBuildFile; fileRef = 47CC375620715B660038D602 /* Assets.xcassets */; };
		47CC375A20715B660038D602 /* LaunchScreen.storyboard in Resources */ = {isa = PBXBuildFile; fileRef = 47CC375820715B660038D602 /* LaunchScreen.storyboard */; };
		47DA2C2A2117A8330092ACFD /* AssetsLibrary.framework in Frameworks */ = {isa = PBXBuildFile; fileRef = 47DA2C282117A8220092ACFD /* AssetsLibrary.framework */; };
		47DA2C2C2117A83B0092ACFD /* CoreGraphics.framework in Frameworks */ = {isa = PBXBuildFile; fileRef = 47DA2C2B2117A83B0092ACFD /* CoreGraphics.framework */; };
		47DA2C2E2117A8420092ACFD /* CoreMedia.framework in Frameworks */ = {isa = PBXBuildFile; fileRef = 47DA2C2D2117A8420092ACFD /* CoreMedia.framework */; };
		47DA2C302117A84B0092ACFD /* CoreFoundation.framework in Frameworks */ = {isa = PBXBuildFile; fileRef = 47DA2C2F2117A84B0092ACFD /* CoreFoundation.framework */; };
		47DA2C322117A8530092ACFD /* Accelerate.framework in Frameworks */ = {isa = PBXBuildFile; fileRef = 47DA2C312117A8530092ACFD /* Accelerate.framework */; };
/* End PBXBuildFile section */

/* Begin PBXFileReference section */
		474BCD1B2117A8F6004EC691 /* OpenCVWrapper.h */ = {isa = PBXFileReference; lastKnownFileType = sourcecode.c.h; path = OpenCVWrapper.h; sourceTree = "<group>"; };
		474BCD1C2117A8F6004EC691 /* OpenCVWrapper.mm */ = {isa = PBXFileReference; lastKnownFileType = sourcecode.cpp.objcpp; path = OpenCVWrapper.mm; sourceTree = "<group>"; };
		474BCD1E2117A96A004EC691 /* PrefixHeader.pch */ = {isa = PBXFileReference; lastKnownFileType = sourcecode.c.h; path = PrefixHeader.pch; sourceTree = "<group>"; };
		474BCD1F2117B74A004EC691 /* UIPercentageBar.swift */ = {isa = PBXFileReference; lastKnownFileType = sourcecode.swift; path = UIPercentageBar.swift; sourceTree = "<group>"; };
		4792B9FA2117E9B000070434 /* targetScoring.mlmodel */ = {isa = PBXFileReference; lastKnownFileType = file.mlmodel; path = targetScoring.mlmodel; sourceTree = "<group>"; };
		4793411D21168C8200E97DC1 /* CSVParser.swift */ = {isa = PBXFileReference; lastKnownFileType = sourcecode.swift; path = CSVParser.swift; sourceTree = "<group>"; };
		47AB0C5D2117A63F00392D3E /* opencv2.framework */ = {isa = PBXFileReference; lastKnownFileType = wrapper.framework; path = opencv2.framework; sourceTree = "<group>"; };
		47CC374C20715B660038D602 /* target scorer.app */ = {isa = PBXFileReference; explicitFileType = wrapper.application; includeInIndex = 0; path = "target scorer.app"; sourceTree = BUILT_PRODUCTS_DIR; };
		47CC374F20715B660038D602 /* AppDelegate.swift */ = {isa = PBXFileReference; lastKnownFileType = sourcecode.swift; path = AppDelegate.swift; sourceTree = "<group>"; };
		47CC375120715B660038D602 /* ViewController.swift */ = {isa = PBXFileReference; lastKnownFileType = sourcecode.swift; path = ViewController.swift; sourceTree = "<group>"; };
		47CC375420715B660038D602 /* Base */ = {isa = PBXFileReference; lastKnownFileType = file.storyboard; name = Base; path = Base.lproj/Main.storyboard; sourceTree = "<group>"; };
		47CC375620715B660038D602 /* Assets.xcassets */ = {isa = PBXFileReference; lastKnownFileType = folder.assetcatalog; path = Assets.xcassets; sourceTree = "<group>"; };
		47CC375920715B660038D602 /* Base */ = {isa = PBXFileReference; lastKnownFileType = file.storyboard; name = Base; path = Base.lproj/LaunchScreen.storyboard; sourceTree = "<group>"; };
		47CC375B20715B660038D602 /* Info.plist */ = {isa = PBXFileReference; lastKnownFileType = text.plist.xml; path = Info.plist; sourceTree = "<group>"; };
		47DA2C282117A8220092ACFD /* AssetsLibrary.framework */ = {isa = PBXFileReference; lastKnownFileType = wrapper.framework; name = AssetsLibrary.framework; path = System/Library/Frameworks/AssetsLibrary.framework; sourceTree = SDKROOT; };
		47DA2C2B2117A83B0092ACFD /* CoreGraphics.framework */ = {isa = PBXFileReference; lastKnownFileType = wrapper.framework; name = CoreGraphics.framework; path = System/Library/Frameworks/CoreGraphics.framework; sourceTree = SDKROOT; };
		47DA2C2D2117A8420092ACFD /* CoreMedia.framework */ = {isa = PBXFileReference; lastKnownFileType = wrapper.framework; name = CoreMedia.framework; path = System/Library/Frameworks/CoreMedia.framework; sourceTree = SDKROOT; };
		47DA2C2F2117A84B0092ACFD /* CoreFoundation.framework */ = {isa = PBXFileReference; lastKnownFileType = wrapper.framework; name = CoreFoundation.framework; path = System/Library/Frameworks/CoreFoundation.framework; sourceTree = SDKROOT; };
		47DA2C312117A8530092ACFD /* Accelerate.framework */ = {isa = PBXFileReference; lastKnownFileType = wrapper.framework; name = Accelerate.framework; path = System/Library/Frameworks/Accelerate.framework; sourceTree = SDKROOT; };
		47F4EB7C2071B57400534C06 /* target scorer-Bridging-Header.h */ = {isa = PBXFileReference; fileEncoding = 4; lastKnownFileType = sourcecode.c.h; path = "target scorer-Bridging-Header.h"; sourceTree = "<group>"; };
/* End PBXFileReference section */

/* Begin PBXFrameworksBuildPhase section */
		47CC374920715B660038D602 /* Frameworks */ = {
			isa = PBXFrameworksBuildPhase;
			buildActionMask = 2147483647;
			files = (
				47DA2C322117A8530092ACFD /* Accelerate.framework in Frameworks */,
				47DA2C302117A84B0092ACFD /* CoreFoundation.framework in Frameworks */,
				47DA2C2E2117A8420092ACFD /* CoreMedia.framework in Frameworks */,
				47DA2C2C2117A83B0092ACFD /* CoreGraphics.framework in Frameworks */,
				47DA2C2A2117A8330092ACFD /* AssetsLibrary.framework in Frameworks */,
				47AB0C5E2117A63F00392D3E /* opencv2.framework in Frameworks */,
			);
			runOnlyForDeploymentPostprocessing = 0;
		};
/* End PBXFrameworksBuildPhase section */

/* Begin PBXGroup section */
		47CC374320715B660038D602 = {
			isa = PBXGroup;
			children = (
				47CC374E20715B660038D602 /* target scorer */,
				47CC374D20715B660038D602 /* Products */,
				47DA2C272117A8220092ACFD /* Frameworks */,
			);
			sourceTree = "<group>";
		};
		47CC374D20715B660038D602 /* Products */ = {
			isa = PBXGroup;
			children = (
				47CC374C20715B660038D602 /* target scorer.app */,
			);
			name = Products;
			sourceTree = "<group>";
		};
		47CC374E20715B660038D602 /* target scorer */ = {
			isa = PBXGroup;
			children = (
				47CC374F20715B660038D602 /* AppDelegate.swift */,
				47CC375120715B660038D602 /* ViewController.swift */,
				474BCD1F2117B74A004EC691 /* UIPercentageBar.swift */,
				4793411D21168C8200E97DC1 /* CSVParser.swift */,
				47CC375320715B660038D602 /* Main.storyboard */,
				47CC375620715B660038D602 /* Assets.xcassets */,
				47CC375820715B660038D602 /* LaunchScreen.storyboard */,
				47CC375B20715B660038D602 /* Info.plist */,
				4792B9FA2117E9B000070434 /* targetScoring.mlmodel */,
				47F4EB7C2071B57400534C06 /* target scorer-Bridging-Header.h */,
				474BCD1B2117A8F6004EC691 /* OpenCVWrapper.h */,
				474BCD1C2117A8F6004EC691 /* OpenCVWrapper.mm */,
				474BCD1E2117A96A004EC691 /* PrefixHeader.pch */,
			);
			path = "target scorer";
			sourceTree = "<group>";
		};
		47DA2C272117A8220092ACFD /* Frameworks */ = {
			isa = PBXGroup;
			children = (
				47AB0C5D2117A63F00392D3E /* opencv2.framework */,
				47DA2C312117A8530092ACFD /* Accelerate.framework */,
				47DA2C2F2117A84B0092ACFD /* CoreFoundation.framework */,
				47DA2C2D2117A8420092ACFD /* CoreMedia.framework */,
				47DA2C2B2117A83B0092ACFD /* CoreGraphics.framework */,
				47DA2C282117A8220092ACFD /* AssetsLibrary.framework */,
			);
			name = Frameworks;
			sourceTree = "<group>";
		};
/* End PBXGroup section */

/* Begin PBXNativeTarget section */
		47CC374B20715B660038D602 /* target scorer */ = {
			isa = PBXNativeTarget;
			buildConfigurationList = 47CC375E20715B660038D602 /* Build configuration list for PBXNativeTarget "target scorer" */;
			buildPhases = (
				47CC374820715B660038D602 /* Sources */,
				47CC374920715B660038D602 /* Frameworks */,
				47CC374A20715B660038D602 /* Resources */,
			);
			buildRules = (
			);
			dependencies = (
			);
			name = "target scorer";
			productName = "target scorer";
			productReference = 47CC374C20715B660038D602 /* target scorer.app */;
			productType = "com.apple.product-type.application";
		};
/* End PBXNativeTarget section */

/* Begin PBXProject section */
		47CC374420715B660038D602 /* Project object */ = {
			isa = PBXProject;
			attributes = {
				LastSwiftUpdateCheck = 0900;
				LastUpgradeCheck = 0900;
				ORGANIZATIONNAME = "Smile App Development";
				TargetAttributes = {
					47CC374B20715B660038D602 = {
						CreatedOnToolsVersion = 9.0;
						LastSwiftMigration = 0930;
						ProvisioningStyle = Automatic;
					};
				};
			};
			buildConfigurationList = 47CC374720715B660038D602 /* Build configuration list for PBXProject "target scorer" */;
			compatibilityVersion = "Xcode 8.0";
			developmentRegion = en;
			hasScannedForEncodings = 0;
			knownRegions = (
				en,
				Base,
			);
			mainGroup = 47CC374320715B660038D602;
			productRefGroup = 47CC374D20715B660038D602 /* Products */;
			projectDirPath = "";
			projectRoot = "";
			targets = (
				47CC374B20715B660038D602 /* target scorer */,
			);
		};
/* End PBXProject section */

/* Begin PBXResourcesBuildPhase section */
		47CC374A20715B660038D602 /* Resources */ = {
			isa = PBXResourcesBuildPhase;
			buildActionMask = 2147483647;
			files = (
				47CC375A20715B660038D602 /* LaunchScreen.storyboard in Resources */,
				47CC375720715B660038D602 /* Assets.xcassets in Resources */,
				47CC375520715B660038D602 /* Main.storyboard in Resources */,
			);
			runOnlyForDeploymentPostprocessing = 0;
		};
/* End PBXResourcesBuildPhase section */

/* Begin PBXSourcesBuildPhase section */
		47CC374820715B660038D602 /* Sources */ = {
			isa = PBXSourcesBuildPhase;
			buildActionMask = 2147483647;
			files = (
				47CC375220715B660038D602 /* ViewController.swift in Sources */,
				4792B9FB2117E9B000070434 /* targetScoring.mlmodel in Sources */,
				4793411E21168C8200E97DC1 /* CSVParser.swift in Sources */,
				474BCD1D2117A8F6004EC691 /* OpenCVWrapper.mm in Sources */,
				47CC375020715B660038D602 /* AppDelegate.swift in Sources */,
				474BCD202117B74A004EC691 /* UIPercentageBar.swift in Sources */,
			);
			runOnlyForDeploymentPostprocessing = 0;
		};
/* End PBXSourcesBuildPhase section */

/* Begin PBXVariantGroup section */
		47CC375320715B660038D602 /* Main.storyboard */ = {
			isa = PBXVariantGroup;
			children = (
				47CC375420715B660038D602 /* Base */,
			);
			name = Main.storyboard;
			sourceTree = "<group>";
		};
		47CC375820715B660038D602 /* LaunchScreen.storyboard */ = {
			isa = PBXVariantGroup;
			children = (
				47CC375920715B660038D602 /* Base */,
			);
			name = LaunchScreen.storyboard;
			sourceTree = "<group>";
		};
/* End PBXVariantGroup section */

/* Begin XCBuildConfiguration section */
		47CC375C20715B660038D602 /* Debug */ = {
			isa = XCBuildConfiguration;
			buildSettings = {
				ALWAYS_SEARCH_USER_PATHS = NO;
				CLANG_ANALYZER_NONNULL = YES;
				CLANG_ANALYZER_NUMBER_OBJECT_CONVERSION = YES_AGGRESSIVE;
				CLANG_CXX_LANGUAGE_STANDARD = "gnu++14";
				CLANG_CXX_LIBRARY = "libc++";
				CLANG_ENABLE_MODULES = YES;
				CLANG_ENABLE_OBJC_ARC = YES;
				CLANG_WARN_BLOCK_CAPTURE_AUTORELEASING = YES;
				CLANG_WARN_BOOL_CONVERSION = YES;
				CLANG_WARN_COMMA = YES;
				CLANG_WARN_CONSTANT_CONVERSION = YES;
				CLANG_WARN_DIRECT_OBJC_ISA_USAGE = YES_ERROR;
				CLANG_WARN_DOCUMENTATION_COMMENTS = YES;
				CLANG_WARN_EMPTY_BODY = YES;
				CLANG_WARN_ENUM_CONVERSION = YES;
				CLANG_WARN_INFINITE_RECURSION = YES;
				CLANG_WARN_INT_CONVERSION = YES;
				CLANG_WARN_NON_LITERAL_NULL_CONVERSION = YES;
				CLANG_WARN_OBJC_LITERAL_CONVERSION = YES;
				CLANG_WARN_OBJC_ROOT_CLASS = YES_ERROR;
				CLANG_WARN_RANGE_LOOP_ANALYSIS = YES;
				CLANG_WARN_STRICT_PROTOTYPES = YES;
				CLANG_WARN_SUSPICIOUS_MOVE = YES;
				CLANG_WARN_UNGUARDED_AVAILABILITY = YES_AGGRESSIVE;
				CLANG_WARN_UNREACHABLE_CODE = YES;
				CLANG_WARN__DUPLICATE_METHOD_MATCH = YES;
				CODE_SIGN_IDENTITY = "iPhone Developer";
				COPY_PHASE_STRIP = NO;
				DEBUG_INFORMATION_FORMAT = dwarf;
				ENABLE_STRICT_OBJC_MSGSEND = YES;
				ENABLE_TESTABILITY = YES;
				GCC_C_LANGUAGE_STANDARD = gnu11;
				GCC_DYNAMIC_NO_PIC = NO;
				GCC_NO_COMMON_BLOCKS = YES;
				GCC_OPTIMIZATION_LEVEL = 0;
				GCC_PREPROCESSOR_DEFINITIONS = (
					"DEBUG=1",
					"$(inherited)",
				);
				GCC_WARN_64_TO_32_BIT_CONVERSION = YES;
				GCC_WARN_ABOUT_RETURN_TYPE = YES_ERROR;
				GCC_WARN_UNDECLARED_SELECTOR = YES;
				GCC_WARN_UNINITIALIZED_AUTOS = YES_AGGRESSIVE;
				GCC_WARN_UNUSED_FUNCTION = YES;
				GCC_WARN_UNUSED_VARIABLE = YES;
				IPHONEOS_DEPLOYMENT_TARGET = 11.0;
				MTL_ENABLE_DEBUG_INFO = YES;
				ONLY_ACTIVE_ARCH = YES;
				SDKROOT = iphoneos;
				SWIFT_ACTIVE_COMPILATION_CONDITIONS = DEBUG;
				SWIFT_OPTIMIZATION_LEVEL = "-Onone";
			};
			name = Debug;
		};
		47CC375D20715B660038D602 /* Release */ = {
			isa = XCBuildConfiguration;
			buildSettings = {
				ALWAYS_SEARCH_USER_PATHS = NO;
				CLANG_ANALYZER_NONNULL = YES;
				CLANG_ANALYZER_NUMBER_OBJECT_CONVERSION = YES_AGGRESSIVE;
				CLANG_CXX_LANGUAGE_STANDARD = "gnu++14";
				CLANG_CXX_LIBRARY = "libc++";
				CLANG_ENABLE_MODULES = YES;
				CLANG_ENABLE_OBJC_ARC = YES;
				CLANG_WARN_BLOCK_CAPTURE_AUTORELEASING = YES;
				CLANG_WARN_BOOL_CONVERSION = YES;
				CLANG_WARN_COMMA = YES;
				CLANG_WARN_CONSTANT_CONVERSION = YES;
				CLANG_WARN_DIRECT_OBJC_ISA_USAGE = YES_ERROR;
				CLANG_WARN_DOCUMENTATION_COMMENTS = YES;
				CLANG_WARN_EMPTY_BODY = YES;
				CLANG_WARN_ENUM_CONVERSION = YES;
				CLANG_WARN_INFINITE_RECURSION = YES;
				CLANG_WARN_INT_CONVERSION = YES;
				CLANG_WARN_NON_LITERAL_NULL_CONVERSION = YES;
				CLANG_WARN_OBJC_LITERAL_CONVERSION = YES;
				CLANG_WARN_OBJC_ROOT_CLASS = YES_ERROR;
				CLANG_WARN_RANGE_LOOP_ANALYSIS = YES;
				CLANG_WARN_STRICT_PROTOTYPES = YES;
				CLANG_WARN_SUSPICIOUS_MOVE = YES;
				CLANG_WARN_UNGUARDED_AVAILABILITY = YES_AGGRESSIVE;
				CLANG_WARN_UNREACHABLE_CODE = YES;
				CLANG_WARN__DUPLICATE_METHOD_MATCH = YES;
				CODE_SIGN_IDENTITY = "iPhone Developer";
				COPY_PHASE_STRIP = NO;
				DEBUG_INFORMATION_FORMAT = "dwarf-with-dsym";
				ENABLE_NS_ASSERTIONS = NO;
				ENABLE_STRICT_OBJC_MSGSEND = YES;
				GCC_C_LANGUAGE_STANDARD = gnu11;
				GCC_NO_COMMON_BLOCKS = YES;
				GCC_WARN_64_TO_32_BIT_CONVERSION = YES;
				GCC_WARN_ABOUT_RETURN_TYPE = YES_ERROR;
				GCC_WARN_UNDECLARED_SELECTOR = YES;
				GCC_WARN_UNINITIALIZED_AUTOS = YES_AGGRESSIVE;
				GCC_WARN_UNUSED_FUNCTION = YES;
				GCC_WARN_UNUSED_VARIABLE = YES;
				IPHONEOS_DEPLOYMENT_TARGET = 11.0;
				MTL_ENABLE_DEBUG_INFO = NO;
				SDKROOT = iphoneos;
				SWIFT_OPTIMIZATION_LEVEL = "-Owholemodule";
				VALIDATE_PRODUCT = YES;
			};
			name = Release;
		};
		47CC375F20715B660038D602 /* Debug */ = {
			isa = XCBuildConfiguration;
			buildSettings = {
				ASSETCATALOG_COMPILER_APPICON_NAME = AppIcon;
				CLANG_ENABLE_MODULES = YES;
				CODE_SIGN_STYLE = Automatic;
				DEVELOPMENT_TEAM = 8729667AYH;
				FRAMEWORK_SEARCH_PATHS = "$(PROJECT_DIR)/";
				GCC_PRECOMPILE_PREFIX_HEADER = YES;
				GCC_PREFIX_HEADER = "$(SRCROOT)/target scorer/PrefixHeader.pch";
				INFOPLIST_FILE = "target scorer/Info.plist";
				IPHONEOS_DEPLOYMENT_TARGET = 11.0;
				LD_RUNPATH_SEARCH_PATHS = "$(inherited) @executable_path/Frameworks";
				PRODUCT_BUNDLE_IDENTIFIER = "com.smileAppDevelopment.target-scorer";
				PRODUCT_NAME = "$(TARGET_NAME)";
				SWIFT_OBJC_BRIDGING_HEADER = "target scorer/target scorer-Bridging-Header.h";
				SWIFT_OPTIMIZATION_LEVEL = "-Onone";
				SWIFT_VERSION = 4.0;
				TARGETED_DEVICE_FAMILY = "1,2";
			};
			name = Debug;
		};
		47CC376020715B660038D602 /* Release */ = {
			isa = XCBuildConfiguration;
			buildSettings = {
				ASSETCATALOG_COMPILER_APPICON_NAME = AppIcon;
				CLANG_ENABLE_MODULES = YES;
				CODE_SIGN_STYLE = Automatic;
				DEVELOPMENT_TEAM = 8729667AYH;
				FRAMEWORK_SEARCH_PATHS = "$(PROJECT_DIR)/";
				GCC_PRECOMPILE_PREFIX_HEADER = YES;
				GCC_PREFIX_HEADER = "$(SRCROOT)/target scorer/PrefixHeader.pch";
				INFOPLIST_FILE = "target scorer/Info.plist";
				IPHONEOS_DEPLOYMENT_TARGET = 11.0;
				LD_RUNPATH_SEARCH_PATHS = "$(inherited) @executable_path/Frameworks";
				PRODUCT_BUNDLE_IDENTIFIER = "com.smileAppDevelopment.target-scorer";
				PRODUCT_NAME = "$(TARGET_NAME)";
				SWIFT_OBJC_BRIDGING_HEADER = "target scorer/target scorer-Bridging-Header.h";
				SWIFT_VERSION = 4.0;
				TARGETED_DEVICE_FAMILY = "1,2";
			};
			name = Release;
		};
/* End XCBuildConfiguration section */

/* Begin XCConfigurationList section */
		47CC374720715B660038D602 /* Build configuration list for PBXProject "target scorer" */ = {
			isa = XCConfigurationList;
			buildConfigurations = (
				47CC375C20715B660038D602 /* Debug */,
				47CC375D20715B660038D602 /* Release */,
			);
			defaultConfigurationIsVisible = 0;
			defaultConfigurationName = Release;
		};
		47CC375E20715B660038D602 /* Build configuration list for PBXNativeTarget "target scorer" */ = {
			isa = XCConfigurationList;
			buildConfigurations = (
				47CC375F20715B660038D602 /* Debug */,
				47CC376020715B660038D602 /* Release */,
			);
			defaultConfigurationIsVisible = 0;
			defaultConfigurationName = Release;
		};
/* End XCConfigurationList section */
	};
	rootObject = 47CC374420715B660038D602 /* Project object */;
}
